<Solution>
  <Project Path="../../3/3/3.csproj" />
  <Project Path="../../4 ej/4 eje/4 eje.csproj" Id="1e0adaf5-857a-405f-8b25-9eb3037bba02" />
  <Project Path="../../5/5/5.csproj" Id="e787e57d-8b0d-44f4-b8ea-b60573700dc4" />
  <Project Path="2/2/2.csproj" />
  <Project Path="4/4/4.csproj" />
  <Project Path="5 act/5 act.csproj" Id="e7be95ad-ff40-4cc2-95e6-5dfb8daa7e86" />
  <Project Path="ConsoleApp1/ConsoleApp1.csproj" />
</Solution>
